{
  "name": "my-worker-container",
  "version": "1.0.0",
  "lockfileVersion": 3,
  "requires": true,
  "packages": {
    "": {
      "name": "my-worker-container",
      "version": "1.0.0",
      "devDependencies": {
        "@cloudflare/containers": "0.1.1"
      }
    },
    "node_modules/@cloudflare/containers": {
      "version": "0.1.1",
      "resolved": "https://registry.npmjs.org/@cloudflare/containers/-/containers-0.1.1.tgz",
      "integrity": "sha512-YTdobRTnTlUOUPMFemufH367A9Z8pDfZ+UboYMLbGpO0VlvEXZDiioSmXPQMHld2vRtkL31mcRii3bcbQU6fdw==",
      "dev": true,
      "license": "ISC"
    }
  }
}
